{
  "version": 4,
  "terraform_version": "1.3.9",
  "serial": 32,
  "lineage": "1d53cab3-31f2-15fa-2c7a-80fbe73e3ad6",
  "outputs": {},
  "resources": [
    {
      "mode": "data",
      "type": "external",
      "name": "kubeconfig",
      "provider": "provider[\"registry.terraform.io/hashicorp/external\"]",
      "instances": [
        {
          "schema_version": 0,
          "attributes": {
            "id": "-",
            "program": [
              "./kubeconfig.sh"
            ],
            "query": null,
            "result": {
              "ca_cert": "LS0tLS1CRUdJTiBDRVJUSUZJQ0FURS0tLS0tCk1JSURCakNDQWU2Z0F3SUJBZ0lCQVRBTkJna3Foa2lHOXcwQkFRc0ZBREFWTVJNd0VRWURWUVFERXdwdGFXNXAKYTNWaVpVTkJNQjRYRFRJMU1ERXhOVEUwTlRZeE1sb1hEVE0xTURFeE5ERTBOVFl4TWxvd0ZURVRNQkVHQTFVRQpBeE1LYldsdWFXdDFZbVZEUVRDQ0FTSXdEUVlKS29aSWh2Y05BUUVCQlFBRGdnRVBBRENDQVFvQ2dnRUJBTWE4CmxMazhxeG95WC9pYjVkVXh4WGlLVUJ4ZjFFWFNEWVRSaUJjVWRrY1YwQktxY0RJVGpkYXZFbld4ZkRocklnWkgKTDFnU1ZKbnY1dkV0cURYYk5PaHp3QlUrbjdEQnYvTmNkdkxYTWVzZHVwOVVvWmtGSnU5WmR6NUlHOHFEeVM0MwpwL2FwK1J1TmtNQUdvTGFORld2cGVYUW5mV2g3eFR3NDZqR2JwQUxMZFNoWE9kcjEvZUZRNHFkZGJEUHdaT1ZZCnVxOVgzSWF5aTNzY24yV2wxazZPQ1h6M29PemZrMnJYazNEQWYyZTlpbHkzVkRYd003U3QrK0hEblVTVlgwOEoKN2J2aGczY1NkT3ZPQWlQN2Jjb2I4R3BWa1g4bEM2VG9GWkdUSWJ0TWRIMkowUHZwb1huQ3hiNHY3QlI4Z28ySApDL1lDSTlVY0NiREF2Y0JKak5zQ0F3RUFBYU5oTUY4d0RnWURWUjBQQVFIL0JBUURBZ0trTUIwR0ExVWRKUVFXCk1CUUdDQ3NHQVFVRkJ3TUNCZ2dyQmdFRkJRY0RBVEFQQmdOVkhSTUJBZjhFQlRBREFRSC9NQjBHQTFVZERnUVcKQkJSZDkvRHZTSjNmQ25IZFJUUEpXT0w0eHhGK2VqQU5CZ2txaGtpRzl3MEJBUXNGQUFPQ0FRRUF4SEZaYmc4ZAo5bnpWWjg3RkxWN2xqQVJiVnMwQVBzbG1RRVRZeGZrL0lvZGdsSVgwaFVNcDl4Z0NKQUIxbkEwSllaMWY4UThOCnlFQmxtMzdpSVM0RHFxVzBMaWdzbjA0TUtCVExpck05bkI2clhaQzhPQWoxeTVabDJNdFRrYW9IRXlvMjRBUkkKVktPeTdIVGU5ZnN5d3dZTDNERlJweG9TdHBaN3pidFcyeVBpQndTT2tFazJ2ZW1EMURCNHFYMDJnbUtQZE9DTApjUFNzSVZsQUNmR2MrQXdkTzFZU3YxRjhsTUN1V2JHL0Y4OC90YktPNEo1eWJyZ1piVmdpQkZKYkw1TTVJS2syClp3bU1EeWlGUXRRVjRXM0tOWjFqZXdJc3NPWDBUcURRV044WmVGS2RtM0RQY2ZGeTNXdUtudW1XWEpEdVIwWWwKUFVKZWhrWnhBLzRRUEE9PQotLS0tLUVORCBDRVJUSUZJQ0FURS0tLS0tCg==",
              "endpoint": "https://127.0.0.1:32769",
              "token": "eyJhbGciOiJSUzI1NiIsImtpZCI6IlNBU3g3UHlVTHF5VDlNaUkyVmlZR2xUSGNDLUt4bElweHBBdTEza3FNTnMifQ.eyJhdWQiOlsiaHR0cHM6Ly9rdWJlcm5ldGVzLmRlZmF1bHQuc3ZjLmNsdXN0ZXIubG9jYWwiXSwiZXhwIjoxNzM4NDE5MzMxLCJpYXQiOjE3MzgzMzI5MzEsImlzcyI6Imh0dHBzOi8va3ViZXJuZXRlcy5kZWZhdWx0LnN2Yy5jbHVzdGVyLmxvY2FsIiwianRpIjoiMjdhOWQ2MjktNjgwYy00N2ZjLTg1ODMtNWMxMWQ3ODU5MmUzIiwia3ViZXJuZXRlcy5pbyI6eyJuYW1lc3BhY2UiOiJkZWZhdWx0Iiwic2VydmljZWFjY291bnQiOnsibmFtZSI6Im15LXVzZXIiLCJ1aWQiOiI1YTFiNGNmMC0yYzY5LTRmNjItYTMwNi1mMzYwNzk4ZjIwYjMifX0sIm5iZiI6MTczODMzMjkzMSwic3ViIjoic3lzdGVtOnNlcnZpY2VhY2NvdW50OmRlZmF1bHQ6bXktdXNlciJ9.Re1Mbg3c1W_FNbGHMi38LbzUoCLoA6T2Y7TnvLnlhZNFoUdeVMZYNmCImbgPduwZYJDnl3TIU2vBj9cVT1q8Tyx1odjKN_NCadGGg70x4yUiyN4zSy1UNKNvp3rFHyAtRs6aEJfwxOCJWWRXhAQRuF_pSa2oW6_Mda7ntqU0oK9TKw6rcGMH8e0NZ0eRuF7vyETX6EIHIJzR470OhZmKJRPHnaTW0pLQpOYC0179XdB5EojLy6CXme_vYf6JADXD99XE27uUEHc_mmconjBtu_Bd5JsPufz49iakTI8I_tJ1IpPajr84a8-siHKbOI9PDZR_M8XC_NJPdlg4ZJPfDw"
            },
            "working_dir": null
          },
          "sensitive_attributes": []
        }
      ]
    },
    {
      "module": "module.my_app",
      "mode": "managed",
      "type": "helm_release",
      "name": "app",
      "provider": "module.my_app.provider[\"registry.terraform.io/hashicorp/helm\"]",
      "instances": [
        {
          "schema_version": 1,
          "attributes": {
            "atomic": false,
            "chart": "../chart",
            "cleanup_on_fail": false,
            "create_namespace": false,
            "dependency_update": false,
            "description": null,
            "devel": null,
            "disable_crd_hooks": false,
            "disable_openapi_validation": false,
            "disable_webhooks": false,
            "force_update": false,
            "id": "my-app",
            "keyring": null,
            "lint": false,
            "manifest": null,
            "max_history": 0,
            "metadata": [
              {
                "app_version": "1.0.0",
                "chart": "my-app",
                "first_deployed": 1738330567,
                "last_deployed": 1738332893,
                "name": "my-app",
                "namespace": "apps",
                "notes": "",
                "revision": 6,
                "values": "{\"annotations\":{},\"image\":{\"tag\":\"0.0.1\"},\"ingress\":{\"enabled\":true},\"replicaCount\":1,\"secret\":{\"DB_PASSWORD\":\"(sensitive value)\",\"SECRET_KEY\":\"(sensitive value)\"},\"tolerations\":[]}",
                "version": "0.1.1"
              }
            ],
            "name": "my-app",
            "namespace": "apps",
            "pass_credentials": false,
            "postrender": [],
            "recreate_pods": false,
            "render_subchart_notes": true,
            "replace": false,
            "repository": null,
            "repository_ca_file": null,
            "repository_cert_file": null,
            "repository_key_file": null,
            "repository_password": null,
            "repository_username": null,
            "reset_values": false,
            "reuse_values": false,
            "set": [
              {
                "name": "image.tag",
                "type": "",
                "value": "0.0.1"
              },
              {
                "name": "ingress.enabled",
                "type": "",
                "value": "true"
              },
              {
                "name": "replicaCount",
                "type": "",
                "value": "1"
              }
            ],
            "set_list": [],
            "set_sensitive": [
              {
                "name": "secret.DB_PASSWORD",
                "type": "",
                "value": "value"
              },
              {
                "name": "secret.SECRET_KEY",
                "type": "",
                "value": "value"
              }
            ],
            "skip_crds": false,
            "status": "deployed",
            "timeout": 300,
            "upgrade_install": null,
            "values": [
              "",
              "{}\n",
              "\"annotations\": {}\n\"tolerations\": []\n"
            ],
            "verify": false,
            "version": "0.1.1",
            "wait": true,
            "wait_for_jobs": false
          },
          "sensitive_attributes": [
            [
              {
                "type": "get_attr",
                "value": "set_sensitive"
              }
            ]
          ],
          "private": "eyJzY2hlbWFfdmVyc2lvbiI6IjEifQ==",
          "dependencies": [
            "data.external.kubeconfig",
            "module.my_app.kubernetes_namespace.app"
          ]
        }
      ]
    },
    {
      "module": "module.my_app",
      "mode": "managed",
      "type": "kubernetes_namespace",
      "name": "app",
      "provider": "module.my_app.provider[\"registry.terraform.io/hashicorp/kubernetes\"]",
      "instances": [
        {
          "schema_version": 0,
          "attributes": {
            "id": "apps",
            "metadata": [
              {
                "annotations": {},
                "generate_name": "",
                "generation": 0,
                "labels": {},
                "name": "apps",
                "resource_version": "4137",
                "uid": "9762219d-6906-4e4c-9fde-56d3f373beb5"
              }
            ],
            "timeouts": null,
            "wait_for_default_service_account": false
          },
          "sensitive_attributes": [],
          "private": "eyJlMmJmYjczMC1lY2FhLTExZTYtOGY4OC0zNDM2M2JjN2M0YzAiOnsiZGVsZXRlIjozMDAwMDAwMDAwMDB9fQ==",
          "dependencies": [
            "data.external.kubeconfig"
          ]
        }
      ]
    }
  ],
  "check_results": null
}
